
Microsoft Visual Studio Solution File, Format Version 12.00
# Visual Studio Version 16
VisualStudioVersion = 25.0.1700.6
MinimumVisualStudioVersion = 10.0.40219.1
Project("{FAE04EC0-301F-11D3-BF4B-00C04F79EFBC}") = "DataStructureLibrary", "DataStructureLibrary\DataStructureLibrary.csproj", "{5E0B0B7F-99E9-465D-9982-A637819B799E}"
EndProject
Global
	GlobalSection(SolutionConfigurationPlatforms) = preSolution
		Debug|Any CPU = Debug|Any CPU
		Release|Any CPU = Release|Any CPU
	EndGlobalSection
	GlobalSection(ProjectConfigurationPlatforms) = postSolution
		{5E0B0B7F-99E9-465D-9982-A637819B799E}.Debug|Any CPU.ActiveCfg = Debug|Any CPU
		{5E0B0B7F-99E9-465D-9982-A637819B799E}.Debug|Any CPU.Build.0 = Debug|Any CPU
		{5E0B0B7F-99E9-465D-9982-A637819B799E}.Release|Any CPU.ActiveCfg = Release|Any CPU
		{5E0B0B7F-99E9-465D-9982-A637819B799E}.Release|Any CPU.Build.0 = Release|Any CPU
	EndGlobalSection
	GlobalSection(SolutionProperties) = preSolution
		HideSolutionNode = FALSE
	EndGlobalSection
	GlobalSection(ExtensibilityGlobals) = postSolution
		SolutionGuid = {3EF4D7EE-8F87-45B3-900F-DF0C410625D3}
	EndGlobalSection
EndGlobal
